{
  "name": "syr-envguard",
  "version": "1.0.1",
  "lockfileVersion": 3,
  "requires": true,
  "packages": {
    "": {
      "name": "envguard",
      "version": "1.0.0",
      "license": "Apache-2.0",
      "dependencies": {
        "commander": "^11.1.0"
      },
      "bin": {
        "envguard": "./src/index.js"
      }
    },
    "node_modules/commander": {
      "version": "11.1.0",
      "resolved": "https://registry.npmjs.org/commander/-/commander-11.1.0.tgz",
      "integrity": "sha512-yPVav4lXeW/SeOPkv/dzTj3UesJ0q/kMhjN5qiEfGLBoN7S0lrSEI6oQRoQXL+kkn1cf5uF5iiMpEUY0xVP67g==",
      "engines": {
        "node": ">=16"
      }
    }
  }
}
